
Microsoft Visual Studio Solution File, Format Version 12.00
# Visual Studio Version 16
VisualStudioVersion = 16.0.31321.278
MinimumVisualStudioVersion = 10.0.40219.1
Project("{9A19103F-16F7-4668-BE54-9A1E7A4F7556}") = "net.core.webapi.20210731", "net.core.webapi.20210731\net.core.webapi.20210731.csproj", "{5EF01E23-4EDC-4223-A629-509A3481EAB9}"
EndProject
Project("{9A19103F-16F7-4668-BE54-9A1E7A4F7556}") = "02.应用服务", "02.应用服务\02.应用服务.csproj", "{3F59A8BA-B371-4C88-B3EB-AAC4C11236D3}"
EndProject
Project("{9A19103F-16F7-4668-BE54-9A1E7A4F7556}") = "03.领域", "03.领域\03.领域.csproj", "{D137A53E-D1A7-49F5-B41D-2D75ACDE52D2}"
EndProject
Project("{9A19103F-16F7-4668-BE54-9A1E7A4F7556}") = "04.data.EF", "04.data\04.data.EF.csproj", "{36454447-15DD-4AB4-BA86-E7E497A26A56}"
EndProject
Project("{9A19103F-16F7-4668-BE54-9A1E7A4F7556}") = "05.Data.NH", "05.Data.NH\05.Data.NH.csproj", "{20CE40BB-2147-4004-B0F8-323D2ACF85DE}"
EndProject
Project("{9A19103F-16F7-4668-BE54-9A1E7A4F7556}") = "01.Core.WebApi", "01.Core.WebApi\01.Core.WebApi.csproj", "{3D29F46D-C2A9-43EA-B73B-A1E1396C9E09}"
EndProject
Project("{9A19103F-16F7-4668-BE54-9A1E7A4F7556}") = "06.ServiceCore", "06.ServiceCore\06.ServiceCore.csproj", "{E5F5A85A-A16D-49B3-96A7-20BDE613C33A}"
EndProject
Project("{9A19103F-16F7-4668-BE54-9A1E7A4F7556}") = "07.ResponstoryCore", "07.ResponstoryCore\07.ResponstoryCore.csproj", "{DD5E5C71-BD5B-402A-8E5C-684C49A0B273}"
EndProject
Project("{2150E333-8FDC-42A3-9474-1A3956D46DE8}") = "01.依赖注入-netcore2.1", "01.依赖注入-netcore2.1", "{FF40AD78-6928-4312-8AE8-242D50485A0E}"
EndProject
Project("{2150E333-8FDC-42A3-9474-1A3956D46DE8}") = "02.依赖注入-netcore3.1", "02.依赖注入-netcore3.1", "{CF52418D-71B8-4EE1-B54E-1D5B158B654F}"
EndProject
Project("{2150E333-8FDC-42A3-9474-1A3956D46DE8}") = "03.中间件", "03.中间件", "{7A161863-A878-4727-B2CE-CFEEB51F96BD}"
EndProject
Project("{9A19103F-16F7-4668-BE54-9A1E7A4F7556}") = "WebCore.MVC", "WebCore.MVC\WebCore.MVC.csproj", "{8B8526C0-7FD8-4AAB-A94F-AE520061938E}"
EndProject
Project("{9A19103F-16F7-4668-BE54-9A1E7A4F7556}") = "WebCore.MVC.20210801", "WebCore.MVC.20210801\WebCore.MVC.20210801.csproj", "{CA75C983-4C6A-483D-982F-8617B39F0AB7}"
EndProject
Project("{9A19103F-16F7-4668-BE54-9A1E7A4F7556}") = "WebCoreMVC", "WebCoreMVC\WebCoreMVC.csproj", "{F18E06E3-C71C-4707-B3C2-A7DC1A3AE4B3}"
EndProject
Project("{2150E333-8FDC-42A3-9474-1A3956D46DE8}") = "04.委托类", "04.委托类", "{03DA6D62-AB13-4056-B983-DC6AB3A916F0}"
EndProject
Project("{FAE04EC0-301F-11D3-BF4B-00C04F79EFBC}") = "01.delegateSample", "01.delegateSample\01.delegateSample.csproj", "{16080C78-817D-4CC8-96C8-88EAFBD24320}"
EndProject
Project("{FAE04EC0-301F-11D3-BF4B-00C04F79EFBC}") = "02.窗体应用", "02.窗体应用\02.窗体应用.csproj", "{46559C52-D173-47B4-9B63-B8AA6166FF7A}"
EndProject
Project("{2150E333-8FDC-42A3-9474-1A3956D46DE8}") = "05.异步多线程", "05.异步多线程", "{B716D472-99CD-4A1B-B7FE-52B4C4BFBD53}"
EndProject
Project("{FAE04EC0-301F-11D3-BF4B-00C04F79EFBC}") = "FormsAsync", "FormsAsync\FormsAsync.csproj", "{AAB7ECC3-1B5B-44F6-8A57-C5998925271D}"
EndProject
Project("{9A19103F-16F7-4668-BE54-9A1E7A4F7556}") = "WinFormsLibrary1", "WinFormsLibrary1\WinFormsLibrary1.csproj", "{BF031B83-668E-47E9-8396-1E70AEAA2FD7}"
EndProject
Project("{2150E333-8FDC-42A3-9474-1A3956D46DE8}") = "06.Log4net日志", "06.Log4net日志", "{A500716B-59A1-40FE-AC07-A32F7248FA81}"
EndProject
Project("{FAE04EC0-301F-11D3-BF4B-00C04F79EFBC}") = "lognet", "lognet\lognet.csproj", "{D8021F1E-AB44-4386-8B6A-511C2E1F5971}"
EndProject
Project("{FAE04EC0-301F-11D3-BF4B-00C04F79EFBC}") = "WebCoreEF", "WebCoreEF\WebCoreEF.csproj", "{F49E662C-FB9F-40A7-A98B-FD081B13D07E}"
EndProject
Project("{FAE04EC0-301F-11D3-BF4B-00C04F79EFBC}") = "WebcCoreEntrtyFramment", "WebcCoreEntrtyFramment\WebcCoreEntrtyFramment.csproj", "{CB425A96-05C9-4B6F-A19A-15E69FEC8F67}"
EndProject
Project("{FAE04EC0-301F-11D3-BF4B-00C04F79EFBC}") = "EF.Model", "EF.Model\EF.Model.csproj", "{5A5C5B02-04D4-4E8B-AB98-561AB4A73342}"
EndProject
Project("{FAE04EC0-301F-11D3-BF4B-00C04F79EFBC}") = "Service", "Service\Service.csproj", "{1B47620F-EE31-4277-B513-C6F03B85BDA3}"
EndProject
Project("{FAE04EC0-301F-11D3-BF4B-00C04F79EFBC}") = "IService", "IService\IService.csproj", "{B09BC0EC-E288-4833-9FDD-3917FD0B00DE}"
EndProject
Global
	GlobalSection(SolutionConfigurationPlatforms) = preSolution
		Debug|Any CPU = Debug|Any CPU
		Release|Any CPU = Release|Any CPU
	EndGlobalSection
	GlobalSection(ProjectConfigurationPlatforms) = postSolution
		{5EF01E23-4EDC-4223-A629-509A3481EAB9}.Debug|Any CPU.ActiveCfg = Debug|Any CPU
		{5EF01E23-4EDC-4223-A629-509A3481EAB9}.Debug|Any CPU.Build.0 = Debug|Any CPU
		{5EF01E23-4EDC-4223-A629-509A3481EAB9}.Release|Any CPU.ActiveCfg = Release|Any CPU
		{5EF01E23-4EDC-4223-A629-509A3481EAB9}.Release|Any CPU.Build.0 = Release|Any CPU
		{3F59A8BA-B371-4C88-B3EB-AAC4C11236D3}.Debug|Any CPU.ActiveCfg = Debug|Any CPU
		{3F59A8BA-B371-4C88-B3EB-AAC4C11236D3}.Debug|Any CPU.Build.0 = Debug|Any CPU
		{3F59A8BA-B371-4C88-B3EB-AAC4C11236D3}.Release|Any CPU.ActiveCfg = Release|Any CPU
		{3F59A8BA-B371-4C88-B3EB-AAC4C11236D3}.Release|Any CPU.Build.0 = Release|Any CPU
		{D137A53E-D1A7-49F5-B41D-2D75ACDE52D2}.Debug|Any CPU.ActiveCfg = Debug|Any CPU
		{D137A53E-D1A7-49F5-B41D-2D75ACDE52D2}.Debug|Any CPU.Build.0 = Debug|Any CPU
		{D137A53E-D1A7-49F5-B41D-2D75ACDE52D2}.Release|Any CPU.ActiveCfg = Release|Any CPU
		{D137A53E-D1A7-49F5-B41D-2D75ACDE52D2}.Release|Any CPU.Build.0 = Release|Any CPU
		{36454447-15DD-4AB4-BA86-E7E497A26A56}.Debug|Any CPU.ActiveCfg = Debug|Any CPU
		{36454447-15DD-4AB4-BA86-E7E497A26A56}.Debug|Any CPU.Build.0 = Debug|Any CPU
		{36454447-15DD-4AB4-BA86-E7E497A26A56}.Release|Any CPU.ActiveCfg = Release|Any CPU
		{36454447-15DD-4AB4-BA86-E7E497A26A56}.Release|Any CPU.Build.0 = Release|Any CPU
		{20CE40BB-2147-4004-B0F8-323D2ACF85DE}.Debug|Any CPU.ActiveCfg = Debug|Any CPU
		{20CE40BB-2147-4004-B0F8-323D2ACF85DE}.Debug|Any CPU.Build.0 = Debug|Any CPU
		{20CE40BB-2147-4004-B0F8-323D2ACF85DE}.Release|Any CPU.ActiveCfg = Release|Any CPU
		{20CE40BB-2147-4004-B0F8-323D2ACF85DE}.Release|Any CPU.Build.0 = Release|Any CPU
		{3D29F46D-C2A9-43EA-B73B-A1E1396C9E09}.Debug|Any CPU.ActiveCfg = Debug|Any CPU
		{3D29F46D-C2A9-43EA-B73B-A1E1396C9E09}.Debug|Any CPU.Build.0 = Debug|Any CPU
		{3D29F46D-C2A9-43EA-B73B-A1E1396C9E09}.Release|Any CPU.ActiveCfg = Release|Any CPU
		{3D29F46D-C2A9-43EA-B73B-A1E1396C9E09}.Release|Any CPU.Build.0 = Release|Any CPU
		{E5F5A85A-A16D-49B3-96A7-20BDE613C33A}.Debug|Any CPU.ActiveCfg = Debug|Any CPU
		{E5F5A85A-A16D-49B3-96A7-20BDE613C33A}.Debug|Any CPU.Build.0 = Debug|Any CPU
		{E5F5A85A-A16D-49B3-96A7-20BDE613C33A}.Release|Any CPU.ActiveCfg = Release|Any CPU
		{E5F5A85A-A16D-49B3-96A7-20BDE613C33A}.Release|Any CPU.Build.0 = Release|Any CPU
		{DD5E5C71-BD5B-402A-8E5C-684C49A0B273}.Debug|Any CPU.ActiveCfg = Debug|Any CPU
		{DD5E5C71-BD5B-402A-8E5C-684C49A0B273}.Debug|Any CPU.Build.0 = Debug|Any CPU
		{DD5E5C71-BD5B-402A-8E5C-684C49A0B273}.Release|Any CPU.ActiveCfg = Release|Any CPU
		{DD5E5C71-BD5B-402A-8E5C-684C49A0B273}.Release|Any CPU.Build.0 = Release|Any CPU
		{8B8526C0-7FD8-4AAB-A94F-AE520061938E}.Debug|Any CPU.ActiveCfg = Debug|Any CPU
		{8B8526C0-7FD8-4AAB-A94F-AE520061938E}.Debug|Any CPU.Build.0 = Debug|Any CPU
		{8B8526C0-7FD8-4AAB-A94F-AE520061938E}.Release|Any CPU.ActiveCfg = Release|Any CPU
		{8B8526C0-7FD8-4AAB-A94F-AE520061938E}.Release|Any CPU.Build.0 = Release|Any CPU
		{CA75C983-4C6A-483D-982F-8617B39F0AB7}.Debug|Any CPU.ActiveCfg = Debug|Any CPU
		{CA75C983-4C6A-483D-982F-8617B39F0AB7}.Debug|Any CPU.Build.0 = Debug|Any CPU
		{CA75C983-4C6A-483D-982F-8617B39F0AB7}.Release|Any CPU.ActiveCfg = Release|Any CPU
		{CA75C983-4C6A-483D-982F-8617B39F0AB7}.Release|Any CPU.Build.0 = Release|Any CPU
		{F18E06E3-C71C-4707-B3C2-A7DC1A3AE4B3}.Debug|Any CPU.ActiveCfg = Debug|Any CPU
		{F18E06E3-C71C-4707-B3C2-A7DC1A3AE4B3}.Debug|Any CPU.Build.0 = Debug|Any CPU
		{F18E06E3-C71C-4707-B3C2-A7DC1A3AE4B3}.Release|Any CPU.ActiveCfg = Release|Any CPU
		{F18E06E3-C71C-4707-B3C2-A7DC1A3AE4B3}.Release|Any CPU.Build.0 = Release|Any CPU
		{16080C78-817D-4CC8-96C8-88EAFBD24320}.Debug|Any CPU.ActiveCfg = Debug|Any CPU
		{16080C78-817D-4CC8-96C8-88EAFBD24320}.Debug|Any CPU.Build.0 = Debug|Any CPU
		{16080C78-817D-4CC8-96C8-88EAFBD24320}.Release|Any CPU.ActiveCfg = Release|Any CPU
		{16080C78-817D-4CC8-96C8-88EAFBD24320}.Release|Any CPU.Build.0 = Release|Any CPU
		{46559C52-D173-47B4-9B63-B8AA6166FF7A}.Debug|Any CPU.ActiveCfg = Debug|Any CPU
		{46559C52-D173-47B4-9B63-B8AA6166FF7A}.Debug|Any CPU.Build.0 = Debug|Any CPU
		{46559C52-D173-47B4-9B63-B8AA6166FF7A}.Release|Any CPU.ActiveCfg = Release|Any CPU
		{46559C52-D173-47B4-9B63-B8AA6166FF7A}.Release|Any CPU.Build.0 = Release|Any CPU
		{AAB7ECC3-1B5B-44F6-8A57-C5998925271D}.Debug|Any CPU.ActiveCfg = Debug|Any CPU
		{AAB7ECC3-1B5B-44F6-8A57-C5998925271D}.Debug|Any CPU.Build.0 = Debug|Any CPU
		{AAB7ECC3-1B5B-44F6-8A57-C5998925271D}.Release|Any CPU.ActiveCfg = Release|Any CPU
		{AAB7ECC3-1B5B-44F6-8A57-C5998925271D}.Release|Any CPU.Build.0 = Release|Any CPU
		{BF031B83-668E-47E9-8396-1E70AEAA2FD7}.Debug|Any CPU.ActiveCfg = Debug|Any CPU
		{BF031B83-668E-47E9-8396-1E70AEAA2FD7}.Debug|Any CPU.Build.0 = Debug|Any CPU
		{BF031B83-668E-47E9-8396-1E70AEAA2FD7}.Release|Any CPU.ActiveCfg = Release|Any CPU
		{BF031B83-668E-47E9-8396-1E70AEAA2FD7}.Release|Any CPU.Build.0 = Release|Any CPU
		{D8021F1E-AB44-4386-8B6A-511C2E1F5971}.Debug|Any CPU.ActiveCfg = Debug|Any CPU
		{D8021F1E-AB44-4386-8B6A-511C2E1F5971}.Debug|Any CPU.Build.0 = Debug|Any CPU
		{D8021F1E-AB44-4386-8B6A-511C2E1F5971}.Release|Any CPU.ActiveCfg = Release|Any CPU
		{D8021F1E-AB44-4386-8B6A-511C2E1F5971}.Release|Any CPU.Build.0 = Release|Any CPU
		{F49E662C-FB9F-40A7-A98B-FD081B13D07E}.Debug|Any CPU.ActiveCfg = Debug|Any CPU
		{F49E662C-FB9F-40A7-A98B-FD081B13D07E}.Debug|Any CPU.Build.0 = Debug|Any CPU
		{F49E662C-FB9F-40A7-A98B-FD081B13D07E}.Release|Any CPU.ActiveCfg = Release|Any CPU
		{F49E662C-FB9F-40A7-A98B-FD081B13D07E}.Release|Any CPU.Build.0 = Release|Any CPU
		{CB425A96-05C9-4B6F-A19A-15E69FEC8F67}.Debug|Any CPU.ActiveCfg = Debug|Any CPU
		{CB425A96-05C9-4B6F-A19A-15E69FEC8F67}.Debug|Any CPU.Build.0 = Debug|Any CPU
		{CB425A96-05C9-4B6F-A19A-15E69FEC8F67}.Release|Any CPU.ActiveCfg = Release|Any CPU
		{CB425A96-05C9-4B6F-A19A-15E69FEC8F67}.Release|Any CPU.Build.0 = Release|Any CPU
		{5A5C5B02-04D4-4E8B-AB98-561AB4A73342}.Debug|Any CPU.ActiveCfg = Debug|Any CPU
		{5A5C5B02-04D4-4E8B-AB98-561AB4A73342}.Debug|Any CPU.Build.0 = Debug|Any CPU
		{5A5C5B02-04D4-4E8B-AB98-561AB4A73342}.Release|Any CPU.ActiveCfg = Release|Any CPU
		{5A5C5B02-04D4-4E8B-AB98-561AB4A73342}.Release|Any CPU.Build.0 = Release|Any CPU
		{1B47620F-EE31-4277-B513-C6F03B85BDA3}.Debug|Any CPU.ActiveCfg = Debug|Any CPU
		{1B47620F-EE31-4277-B513-C6F03B85BDA3}.Debug|Any CPU.Build.0 = Debug|Any CPU
		{1B47620F-EE31-4277-B513-C6F03B85BDA3}.Release|Any CPU.ActiveCfg = Release|Any CPU
		{1B47620F-EE31-4277-B513-C6F03B85BDA3}.Release|Any CPU.Build.0 = Release|Any CPU
		{B09BC0EC-E288-4833-9FDD-3917FD0B00DE}.Debug|Any CPU.ActiveCfg = Debug|Any CPU
		{B09BC0EC-E288-4833-9FDD-3917FD0B00DE}.Debug|Any CPU.Build.0 = Debug|Any CPU
		{B09BC0EC-E288-4833-9FDD-3917FD0B00DE}.Release|Any CPU.ActiveCfg = Release|Any CPU
		{B09BC0EC-E288-4833-9FDD-3917FD0B00DE}.Release|Any CPU.Build.0 = Release|Any CPU
	EndGlobalSection
	GlobalSection(SolutionProperties) = preSolution
		HideSolutionNode = FALSE
	EndGlobalSection
	GlobalSection(NestedProjects) = preSolution
		{5EF01E23-4EDC-4223-A629-509A3481EAB9} = {CF52418D-71B8-4EE1-B54E-1D5B158B654F}
		{3F59A8BA-B371-4C88-B3EB-AAC4C11236D3} = {CF52418D-71B8-4EE1-B54E-1D5B158B654F}
		{D137A53E-D1A7-49F5-B41D-2D75ACDE52D2} = {CF52418D-71B8-4EE1-B54E-1D5B158B654F}
		{36454447-15DD-4AB4-BA86-E7E497A26A56} = {CF52418D-71B8-4EE1-B54E-1D5B158B654F}
		{20CE40BB-2147-4004-B0F8-323D2ACF85DE} = {CF52418D-71B8-4EE1-B54E-1D5B158B654F}
		{3D29F46D-C2A9-43EA-B73B-A1E1396C9E09} = {FF40AD78-6928-4312-8AE8-242D50485A0E}
		{E5F5A85A-A16D-49B3-96A7-20BDE613C33A} = {FF40AD78-6928-4312-8AE8-242D50485A0E}
		{DD5E5C71-BD5B-402A-8E5C-684C49A0B273} = {FF40AD78-6928-4312-8AE8-242D50485A0E}
		{8B8526C0-7FD8-4AAB-A94F-AE520061938E} = {7A161863-A878-4727-B2CE-CFEEB51F96BD}
		{CA75C983-4C6A-483D-982F-8617B39F0AB7} = {7A161863-A878-4727-B2CE-CFEEB51F96BD}
		{F18E06E3-C71C-4707-B3C2-A7DC1A3AE4B3} = {7A161863-A878-4727-B2CE-CFEEB51F96BD}
		{16080C78-817D-4CC8-96C8-88EAFBD24320} = {03DA6D62-AB13-4056-B983-DC6AB3A916F0}
		{46559C52-D173-47B4-9B63-B8AA6166FF7A} = {03DA6D62-AB13-4056-B983-DC6AB3A916F0}
		{AAB7ECC3-1B5B-44F6-8A57-C5998925271D} = {B716D472-99CD-4A1B-B7FE-52B4C4BFBD53}
		{BF031B83-668E-47E9-8396-1E70AEAA2FD7} = {B716D472-99CD-4A1B-B7FE-52B4C4BFBD53}
		{D8021F1E-AB44-4386-8B6A-511C2E1F5971} = {A500716B-59A1-40FE-AC07-A32F7248FA81}
		{F49E662C-FB9F-40A7-A98B-FD081B13D07E} = {A500716B-59A1-40FE-AC07-A32F7248FA81}
		{CB425A96-05C9-4B6F-A19A-15E69FEC8F67} = {A500716B-59A1-40FE-AC07-A32F7248FA81}
		{5A5C5B02-04D4-4E8B-AB98-561AB4A73342} = {A500716B-59A1-40FE-AC07-A32F7248FA81}
		{1B47620F-EE31-4277-B513-C6F03B85BDA3} = {A500716B-59A1-40FE-AC07-A32F7248FA81}
		{B09BC0EC-E288-4833-9FDD-3917FD0B00DE} = {A500716B-59A1-40FE-AC07-A32F7248FA81}
	EndGlobalSection
	GlobalSection(ExtensibilityGlobals) = postSolution
		SolutionGuid = {8CD40CAE-8DB8-413C-B6E3-A8FADFC2DFA4}
	EndGlobalSection
EndGlobal
